<Solution>
  <Folder Name="/Cmdlet/">
    <Project Path="Cmdlet/Core/Core.csproj"/>
    <Project Path="Cmdlet/Auxiliary/Auxiliary.csproj"/>
  </Folder>
  <Folder Name="/Type/">
    <Project Path="Type/Context/Context.csproj"/>
    <Project Path="Type/Completer/Completer.csproj"/>
  </Folder>
</Solution>
