<Solution>
  <Folder Name="/Module/">
    <Project Path="Module/Core/Core.csproj"/>
    <Project Path="Module/Auxiliary/Auxiliary.csproj"/>
  </Folder>
  <Folder Name="/Type/">
    <Project Path="Type/Context/Context.csproj"/>
    <Project Path="Type/Completer/Completer.csproj"/>
  </Folder>
</Solution>
